
Microsoft Visual Studio Solution File, Format Version 12.00
# Visual Studio Version 17
VisualStudioVersion = 17.10.34928.147
MinimumVisualStudioVersion = 10.0.40219.1
Project("{FAE04EC0-301F-11D3-BF4B-00C04F79EFBC}") = "MLLearning", "MLLearning\MLLearning.csproj", "{11D02229-1F3C-445E-8EF1-E14544B8BC0E}"
EndProject
Global
	GlobalSection(SolutionConfigurationPlatforms) = preSolution
		Debug|Any CPU = Debug|Any CPU
		Release|Any CPU = Release|Any CPU
	EndGlobalSection
	GlobalSection(ProjectConfigurationPlatforms) = postSolution
		{11D02229-1F3C-445E-8EF1-E14544B8BC0E}.Debug|Any CPU.ActiveCfg = Debug|Any CPU
		{11D02229-1F3C-445E-8EF1-E14544B8BC0E}.Debug|Any CPU.Build.0 = Debug|Any CPU
		{11D02229-1F3C-445E-8EF1-E14544B8BC0E}.Release|Any CPU.ActiveCfg = Release|Any CPU
		{11D02229-1F3C-445E-8EF1-E14544B8BC0E}.Release|Any CPU.Build.0 = Release|Any CPU
	EndGlobalSection
	GlobalSection(SolutionProperties) = preSolution
		HideSolutionNode = FALSE
	EndGlobalSection
	GlobalSection(ExtensibilityGlobals) = postSolution
		SolutionGuid = {E74DAEBC-E8D9-4FA3-89EB-8F404E08C371}
	EndGlobalSection
EndGlobal
